
Microsoft Visual Studio Solution File, Format Version 12.00
# Visual Studio Version 16
VisualStudioVersion = 16.0.30523.141
MinimumVisualStudioVersion = 10.0.40219.1
Project("{FAE04EC0-301F-11D3-BF4B-00C04F79EFBC}") = "FactoryMethodPattern", "FactoryMethodPattern\FactoryMethodPattern.csproj", "{F4701EA9-577D-48F2-A855-2967F4263825}"
EndProject
Global
	GlobalSection(SolutionConfigurationPlatforms) = preSolution
		Debug|Any CPU = Debug|Any CPU
		Release|Any CPU = Release|Any CPU
	EndGlobalSection
	GlobalSection(ProjectConfigurationPlatforms) = postSolution
		{F4701EA9-577D-48F2-A855-2967F4263825}.Debug|Any CPU.ActiveCfg = Debug|Any CPU
		{F4701EA9-577D-48F2-A855-2967F4263825}.Debug|Any CPU.Build.0 = Debug|Any CPU
		{F4701EA9-577D-48F2-A855-2967F4263825}.Release|Any CPU.ActiveCfg = Release|Any CPU
		{F4701EA9-577D-48F2-A855-2967F4263825}.Release|Any CPU.Build.0 = Release|Any CPU
	EndGlobalSection
	GlobalSection(SolutionProperties) = preSolution
		HideSolutionNode = FALSE
	EndGlobalSection
	GlobalSection(ExtensibilityGlobals) = postSolution
		SolutionGuid = {D099175C-0E21-4DC1-B05B-E8C321C98297}
	EndGlobalSection
EndGlobal
